{
  "name": "tmp-e5259a",
  "lockfileVersion": 3,
  "requires": true,
  "packages": {
    "": {
      "dependencies": {
        "@microsoft/teams-app-test-tool": "^0.2.16"
      }
    },
    "node_modules/@microsoft/teams-app-test-tool": {
      "version": "0.2.16",
      "resolved": "https://registry.npmjs.org/@microsoft/teams-app-test-tool/-/teams-app-test-tool-0.2.16.tgz",
      "integrity": "sha512-jaJFE5GMhUpHjHVyUsO1qMiPMnkRuJ9P2O+jVGftxqnh9lDN6/ePldHzlWeqlzxvlTY3ddIEGQT0ovPH1oe4rg==",
      "license": "SEE LICENSE IN LICENSE",
      "bin": {
        "agentsplayground": "cli.js",
        "teamsapptester": "cli.js"
      }
    }
  }
}
